// !$*UTF8*$!
{
	archiveVersion = 1;
	classes = {
	};
	objectVersion = 56;
	objects = {

/* Begin PBXBuildFile section */
		4903762D2B51203000DCE688 /* IGNotification.swift in Sources */ = {isa = PBXBuildFile; fileRef = 4903762C2B51203000DCE688 /* IGNotification.swift */; };
		4903762F2B51203B00DCE688 /* IGNotificationType.swift in Sources */ = {isa = PBXBuildFile; fileRef = 4903762E2B51203B00DCE688 /* IGNotificationType.swift */; };
		490376312B51270D00DCE688 /* DeveloperPreview.swift in Sources */ = {isa = PBXBuildFile; fileRef = 490376302B51270D00DCE688 /* DeveloperPreview.swift */; };
		490376332B5127A300DCE688 /* NotificationsViewModel.swift in Sources */ = {isa = PBXBuildFile; fileRef = 490376322B5127A300DCE688 /* NotificationsViewModel.swift */; };
		490376352B512B2C00DCE688 /* IGNotificationsService.swift in Sources */ = {isa = PBXBuildFile; fileRef = 490376342B512B2C00DCE688 /* IGNotificationsService.swift */; };
		490376382B512D6500DCE688 /* IGNotificationManager.swift in Sources */ = {isa = PBXBuildFile; fileRef = 490376372B512D6500DCE688 /* IGNotificationManager.swift */; };
		4905ADF52B4EB4BA00F7591C /* FeedCellViewModel.swift in Sources */ = {isa = PBXBuildFile; fileRef = 4905ADF42B4EB4BA00F7591C /* FeedCellViewModel.swift */; };
		490A1AC72B4FD1F200218798 /* ProfileViewModel.swift in Sources */ = {isa = PBXBuildFile; fileRef = 490A1AC62B4FD1F200218798 /* ProfileViewModel.swift */; };
		490A1AC92B50EF6F00218798 /* UserListConfig.swift in Sources */ = {isa = PBXBuildFile; fileRef = 490A1AC82B50EF6F00218798 /* UserListConfig.swift */; };
		490A1ACB2B50FA7B00218798 /* UserListView.swift in Sources */ = {isa = PBXBuildFile; fileRef = 490A1ACA2B50FA7B00218798 /* UserListView.swift */; };
		490A1ACD2B50FAD300218798 /* UserListViewModel.swift in Sources */ = {isa = PBXBuildFile; fileRef = 490A1ACC2B50FAD300218798 /* UserListViewModel.swift */; };
		490A1AD42B511ACD00218798 /* NotificationsView.swift in Sources */ = {isa = PBXBuildFile; fileRef = 490A1AD32B511ACD00218798 /* NotificationsView.swift */; };
		490A1AD92B511B3300218798 /* NotificationCell.swift in Sources */ = {isa = PBXBuildFile; fileRef = 490A1AD82B511B3300218798 /* NotificationCell.swift */; };
		490A60492B47EE2C008B8FC4 /* UploadPostViewModel.swift in Sources */ = {isa = PBXBuildFile; fileRef = 490A60482B47EE2C008B8FC4 /* UploadPostViewModel.swift */; };
		490A604E2B492A7A008B8FC4 /* FirebaseAuth in Frameworks */ = {isa = PBXBuildFile; productRef = 490A604D2B492A7A008B8FC4 /* FirebaseAuth */; };
		490A60502B492A7A008B8FC4 /* FirebaseFirestore in Frameworks */ = {isa = PBXBuildFile; productRef = 490A604F2B492A7A008B8FC4 /* FirebaseFirestore */; };
		490A60522B492A7A008B8FC4 /* FirebaseFirestoreSwift in Frameworks */ = {isa = PBXBuildFile; productRef = 490A60512B492A7A008B8FC4 /* FirebaseFirestoreSwift */; };
		490A60542B492A7A008B8FC4 /* FirebaseStorage in Frameworks */ = {isa = PBXBuildFile; productRef = 490A60532B492A7A008B8FC4 /* FirebaseStorage */; };
		490A60582B492BB8008B8FC4 /* AuthService.swift in Sources */ = {isa = PBXBuildFile; fileRef = 490A60572B492BB8008B8FC4 /* AuthService.swift */; };
		490A605C2B492CE0008B8FC4 /* ContentViewModel.swift in Sources */ = {isa = PBXBuildFile; fileRef = 490A605B2B492CE0008B8FC4 /* ContentViewModel.swift */; };
		490A605F2B492F7B008B8FC4 /* RegistrationViewModel.swift in Sources */ = {isa = PBXBuildFile; fileRef = 490A605E2B492F7B008B8FC4 /* RegistrationViewModel.swift */; };
		490A60612B495FFE008B8FC4 /* LoginViewModel.swift in Sources */ = {isa = PBXBuildFile; fileRef = 490A60602B495FFE008B8FC4 /* LoginViewModel.swift */; };
		492EC78E2B47A85900E4ABB9 /* InstagramSwiftUIApp.swift in Sources */ = {isa = PBXBuildFile; fileRef = 492EC78D2B47A85900E4ABB9 /* InstagramSwiftUIApp.swift */; };
		492EC7902B47A85900E4ABB9 /* ContentView.swift in Sources */ = {isa = PBXBuildFile; fileRef = 492EC78F2B47A85900E4ABB9 /* ContentView.swift */; };
		492EC7922B47A85A00E4ABB9 /* Assets.xcassets in Resources */ = {isa = PBXBuildFile; fileRef = 492EC7912B47A85A00E4ABB9 /* Assets.xcassets */; };
		492EC7952B47A85A00E4ABB9 /* Preview Assets.xcassets in Resources */ = {isa = PBXBuildFile; fileRef = 492EC7942B47A85A00E4ABB9 /* Preview Assets.xcassets */; };
		492EC7A82B47A95500E4ABB9 /* MainTabView.swift in Sources */ = {isa = PBXBuildFile; fileRef = 492EC7A72B47A95500E4ABB9 /* MainTabView.swift */; };
		492EC7AA2B47AA8400E4ABB9 /* ProfileView.swift in Sources */ = {isa = PBXBuildFile; fileRef = 492EC7A92B47AA8400E4ABB9 /* ProfileView.swift */; };
		492EC7AD2B47ADDA00E4ABB9 /* UserStatView.swift in Sources */ = {isa = PBXBuildFile; fileRef = 492EC7AC2B47ADDA00E4ABB9 /* UserStatView.swift */; };
		492EC7AF2B47BA9300E4ABB9 /* FeedView.swift in Sources */ = {isa = PBXBuildFile; fileRef = 492EC7AE2B47BA9300E4ABB9 /* FeedView.swift */; };
		492EC7B12B47BA9800E4ABB9 /* FeedCell.swift in Sources */ = {isa = PBXBuildFile; fileRef = 492EC7B02B47BA9800E4ABB9 /* FeedCell.swift */; };
		492EC7B32B47BF5500E4ABB9 /* SearchView.swift in Sources */ = {isa = PBXBuildFile; fileRef = 492EC7B22B47BF5500E4ABB9 /* SearchView.swift */; };
		492EC7B52B47C13100E4ABB9 /* LoginView.swift in Sources */ = {isa = PBXBuildFile; fileRef = 492EC7B42B47C13100E4ABB9 /* LoginView.swift */; };
		492EC7B72B47C4D200E4ABB9 /* AddEmailView.swift in Sources */ = {isa = PBXBuildFile; fileRef = 492EC7B62B47C4D200E4ABB9 /* AddEmailView.swift */; };
		492EC7B92B47C67B00E4ABB9 /* IGTextFieldModifier.swift in Sources */ = {isa = PBXBuildFile; fileRef = 492EC7B82B47C67B00E4ABB9 /* IGTextFieldModifier.swift */; };
		492EC7BB2B47C73100E4ABB9 /* CreateUsernameView.swift in Sources */ = {isa = PBXBuildFile; fileRef = 492EC7BA2B47C73100E4ABB9 /* CreateUsernameView.swift */; };
		492EC7BD2B47C8E200E4ABB9 /* SignupDefaultView.swift in Sources */ = {isa = PBXBuildFile; fileRef = 492EC7BC2B47C8E200E4ABB9 /* SignupDefaultView.swift */; };
		492EC7BF2B47CB7800E4ABB9 /* CreatePasswordView.swift in Sources */ = {isa = PBXBuildFile; fileRef = 492EC7BE2B47CB7800E4ABB9 /* CreatePasswordView.swift */; };
		492EC7C12B47CCC900E4ABB9 /* CompleteSignupView.swift in Sources */ = {isa = PBXBuildFile; fileRef = 492EC7C02B47CCC900E4ABB9 /* CompleteSignupView.swift */; };
		492EC7C32B47D67B00E4ABB9 /* User.swift in Sources */ = {isa = PBXBuildFile; fileRef = 492EC7C22B47D67B00E4ABB9 /* User.swift */; };
		492EC7C52B47DCCF00E4ABB9 /* CurrentUserProfileView.swift in Sources */ = {isa = PBXBuildFile; fileRef = 492EC7C42B47DCCF00E4ABB9 /* CurrentUserProfileView.swift */; };
		492EC7C72B47DEBA00E4ABB9 /* Post.swift in Sources */ = {isa = PBXBuildFile; fileRef = 492EC7C62B47DEBA00E4ABB9 /* Post.swift */; };
		492EC7C92B47E24400E4ABB9 /* PostGridView.swift in Sources */ = {isa = PBXBuildFile; fileRef = 492EC7C82B47E24400E4ABB9 /* PostGridView.swift */; };
		492EC7CB2B47E31900E4ABB9 /* ProfileHeaderView.swift in Sources */ = {isa = PBXBuildFile; fileRef = 492EC7CA2B47E31900E4ABB9 /* ProfileHeaderView.swift */; };
		492EC7CD2B47EB6300E4ABB9 /* UploadPostView.swift in Sources */ = {isa = PBXBuildFile; fileRef = 492EC7CC2B47EB6300E4ABB9 /* UploadPostView.swift */; };
		496272B62B4BA5FC00B9FBBA /* UserService.swift in Sources */ = {isa = PBXBuildFile; fileRef = 496272B52B4BA5FC00B9FBBA /* UserService.swift */; };
		496272BA2B4BA6D200B9FBBA /* SearchViewModel.swift in Sources */ = {isa = PBXBuildFile; fileRef = 496272B92B4BA6D200B9FBBA /* SearchViewModel.swift */; };
		496272BC2B4BB2B500B9FBBA /* EditProfileView.swift in Sources */ = {isa = PBXBuildFile; fileRef = 496272BB2B4BB2B500B9FBBA /* EditProfileView.swift */; };
		496272C02B4BB59700B9FBBA /* EditProfileViewModel.swift in Sources */ = {isa = PBXBuildFile; fileRef = 496272BF2B4BB59700B9FBBA /* EditProfileViewModel.swift */; };
		496272C22B4BC08D00B9FBBA /* ImageUploader.swift in Sources */ = {isa = PBXBuildFile; fileRef = 496272C12B4BC08D00B9FBBA /* ImageUploader.swift */; };
		496272C52B4BC4D600B9FBBA /* Kingfisher in Frameworks */ = {isa = PBXBuildFile; productRef = 496272C42B4BC4D600B9FBBA /* Kingfisher */; };
		496272C72B4BC54500B9FBBA /* CircularProfileImageView.swift in Sources */ = {isa = PBXBuildFile; fileRef = 496272C62B4BC54500B9FBBA /* CircularProfileImageView.swift */; };
		496272CD2B4BD43400B9FBBA /* FeedViewModel.swift in Sources */ = {isa = PBXBuildFile; fileRef = 496272CC2B4BD43400B9FBBA /* FeedViewModel.swift */; };
		496272CF2B4BEA8600B9FBBA /* PostService.swift in Sources */ = {isa = PBXBuildFile; fileRef = 496272CE2B4BEA8600B9FBBA /* PostService.swift */; };
		496272D32B4BECA700B9FBBA /* PostGridViewModel.swift in Sources */ = {isa = PBXBuildFile; fileRef = 496272D22B4BECA700B9FBBA /* PostGridViewModel.swift */; };
		49A12F032B4F974400D0D3C4 /* GoogleService-Info.plist in Resources */ = {isa = PBXBuildFile; fileRef = 49A12F022B4F974400D0D3C4 /* GoogleService-Info.plist */; };
		49A12F0C2B4FAC8A00D0D3C4 /* CommentsView.swift in Sources */ = {isa = PBXBuildFile; fileRef = 49A12F0B2B4FAC8A00D0D3C4 /* CommentsView.swift */; };
		49A12F0E2B4FAC9100D0D3C4 /* CommentCell.swift in Sources */ = {isa = PBXBuildFile; fileRef = 49A12F0D2B4FAC9100D0D3C4 /* CommentCell.swift */; };
		49A12F102B4FB10C00D0D3C4 /* Comment.swift in Sources */ = {isa = PBXBuildFile; fileRef = 49A12F0F2B4FB10C00D0D3C4 /* Comment.swift */; };
		49A12F122B4FB37400D0D3C4 /* CommentService.swift in Sources */ = {isa = PBXBuildFile; fileRef = 49A12F112B4FB37400D0D3C4 /* CommentService.swift */; };
		49A12F142B4FB38300D0D3C4 /* CommentsViewModel.swift in Sources */ = {isa = PBXBuildFile; fileRef = 49A12F132B4FB38300D0D3C4 /* CommentsViewModel.swift */; };
		49A12F182B4FC29500D0D3C4 /* Timestamp.swift in Sources */ = {isa = PBXBuildFile; fileRef = 49A12F172B4FC29500D0D3C4 /* Timestamp.swift */; };
		49A12F1B2B4FC3B600D0D3C4 /* Constants.swift in Sources */ = {isa = PBXBuildFile; fileRef = 49A12F1A2B4FC3B600D0D3C4 /* Constants.swift */; };
/* End PBXBuildFile section */

/* Begin PBXFileReference section */
		4903762C2B51203000DCE688 /* IGNotification.swift */ = {isa = PBXFileReference; lastKnownFileType = sourcecode.swift; path = IGNotification.swift; sourceTree = "<group>"; };
		4903762E2B51203B00DCE688 /* IGNotificationType.swift */ = {isa = PBXFileReference; lastKnownFileType = sourcecode.swift; path = IGNotificationType.swift; sourceTree = "<group>"; };
		490376302B51270D00DCE688 /* DeveloperPreview.swift */ = {isa = PBXFileReference; lastKnownFileType = sourcecode.swift; path = DeveloperPreview.swift; sourceTree = "<group>"; };
		490376322B5127A300DCE688 /* NotificationsViewModel.swift */ = {isa = PBXFileReference; lastKnownFileType = sourcecode.swift; path = NotificationsViewModel.swift; sourceTree = "<group>"; };
		490376342B512B2C00DCE688 /* IGNotificationsService.swift */ = {isa = PBXFileReference; lastKnownFileType = sourcecode.swift; path = IGNotificationsService.swift; sourceTree = "<group>"; };
		490376372B512D6500DCE688 /* IGNotificationManager.swift */ = {isa = PBXFileReference; lastKnownFileType = sourcecode.swift; path = IGNotificationManager.swift; sourceTree = "<group>"; };
		4905ADF42B4EB4BA00F7591C /* FeedCellViewModel.swift */ = {isa = PBXFileReference; lastKnownFileType = sourcecode.swift; path = FeedCellViewModel.swift; sourceTree = "<group>"; };
		490A1AC62B4FD1F200218798 /* ProfileViewModel.swift */ = {isa = PBXFileReference; lastKnownFileType = sourcecode.swift; path = ProfileViewModel.swift; sourceTree = "<group>"; };
		490A1AC82B50EF6F00218798 /* UserListConfig.swift */ = {isa = PBXFileReference; lastKnownFileType = sourcecode.swift; path = UserListConfig.swift; sourceTree = "<group>"; };
		490A1ACA2B50FA7B00218798 /* UserListView.swift */ = {isa = PBXFileReference; lastKnownFileType = sourcecode.swift; path = UserListView.swift; sourceTree = "<group>"; };
		490A1ACC2B50FAD300218798 /* UserListViewModel.swift */ = {isa = PBXFileReference; lastKnownFileType = sourcecode.swift; path = UserListViewModel.swift; sourceTree = "<group>"; };
		490A1AD32B511ACD00218798 /* NotificationsView.swift */ = {isa = PBXFileReference; lastKnownFileType = sourcecode.swift; path = NotificationsView.swift; sourceTree = "<group>"; };
		490A1AD82B511B3300218798 /* NotificationCell.swift */ = {isa = PBXFileReference; lastKnownFileType = sourcecode.swift; path = NotificationCell.swift; sourceTree = "<group>"; };
		490A60482B47EE2C008B8FC4 /* UploadPostViewModel.swift */ = {isa = PBXFileReference; lastKnownFileType = sourcecode.swift; path = UploadPostViewModel.swift; sourceTree = "<group>"; };
		490A60572B492BB8008B8FC4 /* AuthService.swift */ = {isa = PBXFileReference; lastKnownFileType = sourcecode.swift; path = AuthService.swift; sourceTree = "<group>"; };
		490A605B2B492CE0008B8FC4 /* ContentViewModel.swift */ = {isa = PBXFileReference; lastKnownFileType = sourcecode.swift; path = ContentViewModel.swift; sourceTree = "<group>"; };
		490A605E2B492F7B008B8FC4 /* RegistrationViewModel.swift */ = {isa = PBXFileReference; lastKnownFileType = sourcecode.swift; path = RegistrationViewModel.swift; sourceTree = "<group>"; };
		490A60602B495FFE008B8FC4 /* LoginViewModel.swift */ = {isa = PBXFileReference; lastKnownFileType = sourcecode.swift; path = LoginViewModel.swift; sourceTree = "<group>"; };
		492EC78A2B47A85900E4ABB9 /* InstagramSwiftUI.app */ = {isa = PBXFileReference; explicitFileType = wrapper.application; includeInIndex = 0; path = InstagramSwiftUI.app; sourceTree = BUILT_PRODUCTS_DIR; };
		492EC78D2B47A85900E4ABB9 /* InstagramSwiftUIApp.swift */ = {isa = PBXFileReference; lastKnownFileType = sourcecode.swift; path = InstagramSwiftUIApp.swift; sourceTree = "<group>"; };
		492EC78F2B47A85900E4ABB9 /* ContentView.swift */ = {isa = PBXFileReference; lastKnownFileType = sourcecode.swift; path = ContentView.swift; sourceTree = "<group>"; };
		492EC7912B47A85A00E4ABB9 /* Assets.xcassets */ = {isa = PBXFileReference; lastKnownFileType = folder.assetcatalog; path = Assets.xcassets; sourceTree = "<group>"; };
		492EC7942B47A85A00E4ABB9 /* Preview Assets.xcassets */ = {isa = PBXFileReference; lastKnownFileType = folder.assetcatalog; path = "Preview Assets.xcassets"; sourceTree = "<group>"; };
		492EC7A72B47A95500E4ABB9 /* MainTabView.swift */ = {isa = PBXFileReference; lastKnownFileType = sourcecode.swift; path = MainTabView.swift; sourceTree = "<group>"; };
		492EC7A92B47AA8400E4ABB9 /* ProfileView.swift */ = {isa = PBXFileReference; lastKnownFileType = sourcecode.swift; path = ProfileView.swift; sourceTree = "<group>"; };
		492EC7AC2B47ADDA00E4ABB9 /* UserStatView.swift */ = {isa = PBXFileReference; lastKnownFileType = sourcecode.swift; path = UserStatView.swift; sourceTree = "<group>"; };
		492EC7AE2B47BA9300E4ABB9 /* FeedView.swift */ = {isa = PBXFileReference; lastKnownFileType = sourcecode.swift; path = FeedView.swift; sourceTree = "<group>"; };
		492EC7B02B47BA9800E4ABB9 /* FeedCell.swift */ = {isa = PBXFileReference; lastKnownFileType = sourcecode.swift; path = FeedCell.swift; sourceTree = "<group>"; };
		492EC7B22B47BF5500E4ABB9 /* SearchView.swift */ = {isa = PBXFileReference; lastKnownFileType = sourcecode.swift; path = SearchView.swift; sourceTree = "<group>"; };
		492EC7B42B47C13100E4ABB9 /* LoginView.swift */ = {isa = PBXFileReference; lastKnownFileType = sourcecode.swift; path = LoginView.swift; sourceTree = "<group>"; };
		492EC7B62B47C4D200E4ABB9 /* AddEmailView.swift */ = {isa = PBXFileReference; lastKnownFileType = sourcecode.swift; path = AddEmailView.swift; sourceTree = "<group>"; };
		492EC7B82B47C67B00E4ABB9 /* IGTextFieldModifier.swift */ = {isa = PBXFileReference; lastKnownFileType = sourcecode.swift; path = IGTextFieldModifier.swift; sourceTree = "<group>"; };
		492EC7BA2B47C73100E4ABB9 /* CreateUsernameView.swift */ = {isa = PBXFileReference; lastKnownFileType = sourcecode.swift; path = CreateUsernameView.swift; sourceTree = "<group>"; };
		492EC7BC2B47C8E200E4ABB9 /* SignupDefaultView.swift */ = {isa = PBXFileReference; lastKnownFileType = sourcecode.swift; path = SignupDefaultView.swift; sourceTree = "<group>"; };
		492EC7BE2B47CB7800E4ABB9 /* CreatePasswordView.swift */ = {isa = PBXFileReference; lastKnownFileType = sourcecode.swift; path = CreatePasswordView.swift; sourceTree = "<group>"; };
		492EC7C02B47CCC900E4ABB9 /* CompleteSignupView.swift */ = {isa = PBXFileReference; lastKnownFileType = sourcecode.swift; path = CompleteSignupView.swift; sourceTree = "<group>"; };
		492EC7C22B47D67B00E4ABB9 /* User.swift */ = {isa = PBXFileReference; lastKnownFileType = sourcecode.swift; path = User.swift; sourceTree = "<group>"; };
		492EC7C42B47DCCF00E4ABB9 /* CurrentUserProfileView.swift */ = {isa = PBXFileReference; lastKnownFileType = sourcecode.swift; path = CurrentUserProfileView.swift; sourceTree = "<group>"; };
		492EC7C62B47DEBA00E4ABB9 /* Post.swift */ = {isa = PBXFileReference; lastKnownFileType = sourcecode.swift; path = Post.swift; sourceTree = "<group>"; };
		492EC7C82B47E24400E4ABB9 /* PostGridView.swift */ = {isa = PBXFileReference; lastKnownFileType = sourcecode.swift; path = PostGridView.swift; sourceTree = "<group>"; };
		492EC7CA2B47E31900E4ABB9 /* ProfileHeaderView.swift */ = {isa = PBXFileReference; lastKnownFileType = sourcecode.swift; path = ProfileHeaderView.swift; sourceTree = "<group>"; };
		492EC7CC2B47EB6300E4ABB9 /* UploadPostView.swift */ = {isa = PBXFileReference; lastKnownFileType = sourcecode.swift; path = UploadPostView.swift; sourceTree = "<group>"; };
		496272B52B4BA5FC00B9FBBA /* UserService.swift */ = {isa = PBXFileReference; lastKnownFileType = sourcecode.swift; path = UserService.swift; sourceTree = "<group>"; };
		496272B92B4BA6D200B9FBBA /* SearchViewModel.swift */ = {isa = PBXFileReference; lastKnownFileType = sourcecode.swift; path = SearchViewModel.swift; sourceTree = "<group>"; };
		496272BB2B4BB2B500B9FBBA /* EditProfileView.swift */ = {isa = PBXFileReference; lastKnownFileType = sourcecode.swift; path = EditProfileView.swift; sourceTree = "<group>"; };
		496272BF2B4BB59700B9FBBA /* EditProfileViewModel.swift */ = {isa = PBXFileReference; lastKnownFileType = sourcecode.swift; path = EditProfileViewModel.swift; sourceTree = "<group>"; };
		496272C12B4BC08D00B9FBBA /* ImageUploader.swift */ = {isa = PBXFileReference; lastKnownFileType = sourcecode.swift; path = ImageUploader.swift; sourceTree = "<group>"; };
		496272C62B4BC54500B9FBBA /* CircularProfileImageView.swift */ = {isa = PBXFileReference; lastKnownFileType = sourcecode.swift; path = CircularProfileImageView.swift; sourceTree = "<group>"; };
		496272CC2B4BD43400B9FBBA /* FeedViewModel.swift */ = {isa = PBXFileReference; lastKnownFileType = sourcecode.swift; path = FeedViewModel.swift; sourceTree = "<group>"; };
		496272CE2B4BEA8600B9FBBA /* PostService.swift */ = {isa = PBXFileReference; lastKnownFileType = sourcecode.swift; path = PostService.swift; sourceTree = "<group>"; };
		496272D22B4BECA700B9FBBA /* PostGridViewModel.swift */ = {isa = PBXFileReference; lastKnownFileType = sourcecode.swift; path = PostGridViewModel.swift; sourceTree = "<group>"; };
		49A12F022B4F974400D0D3C4 /* GoogleService-Info.plist */ = {isa = PBXFileReference; lastKnownFileType = text.plist; path = "GoogleService-Info.plist"; sourceTree = SOURCE_ROOT; };
		49A12F0B2B4FAC8A00D0D3C4 /* CommentsView.swift */ = {isa = PBXFileReference; lastKnownFileType = sourcecode.swift; path = CommentsView.swift; sourceTree = "<group>"; };
		49A12F0D2B4FAC9100D0D3C4 /* CommentCell.swift */ = {isa = PBXFileReference; lastKnownFileType = sourcecode.swift; path = CommentCell.swift; sourceTree = "<group>"; };
		49A12F0F2B4FB10C00D0D3C4 /* Comment.swift */ = {isa = PBXFileReference; lastKnownFileType = sourcecode.swift; path = Comment.swift; sourceTree = "<group>"; };
		49A12F112B4FB37400D0D3C4 /* CommentService.swift */ = {isa = PBXFileReference; lastKnownFileType = sourcecode.swift; path = CommentService.swift; sourceTree = "<group>"; };
		49A12F132B4FB38300D0D3C4 /* CommentsViewModel.swift */ = {isa = PBXFileReference; lastKnownFileType = sourcecode.swift; path = CommentsViewModel.swift; sourceTree = "<group>"; };
		49A12F172B4FC29500D0D3C4 /* Timestamp.swift */ = {isa = PBXFileReference; lastKnownFileType = sourcecode.swift; path = Timestamp.swift; sourceTree = "<group>"; };
		49A12F1A2B4FC3B600D0D3C4 /* Constants.swift */ = {isa = PBXFileReference; lastKnownFileType = sourcecode.swift; path = Constants.swift; sourceTree = "<group>"; };
/* End PBXFileReference section */

/* Begin PBXFrameworksBuildPhase section */
		492EC7872B47A85900E4ABB9 /* Frameworks */ = {
			isa = PBXFrameworksBuildPhase;
			buildActionMask = 2147483647;
			files = (
				490A604E2B492A7A008B8FC4 /* FirebaseAuth in Frameworks */,
				490A60542B492A7A008B8FC4 /* FirebaseStorage in Frameworks */,
				490A60502B492A7A008B8FC4 /* FirebaseFirestore in Frameworks */,
				490A60522B492A7A008B8FC4 /* FirebaseFirestoreSwift in Frameworks */,
				496272C52B4BC4D600B9FBBA /* Kingfisher in Frameworks */,
			);
			runOnlyForDeploymentPostprocessing = 0;
		};
/* End PBXFrameworksBuildPhase section */

/* Begin PBXGroup section */
		490376362B512D5C00DCE688 /* Manager */ = {
			isa = PBXGroup;
			children = (
				490376372B512D6500DCE688 /* IGNotificationManager.swift */,
			);
			path = Manager;
			sourceTree = "<group>";
		};
		490A1ACE2B511A9600218798 /* Notifications */ = {
			isa = PBXGroup;
			children = (
				490376362B512D5C00DCE688 /* Manager */,
				490A1AD22B511AB400218798 /* Model */,
				490A1AD12B511AB100218798 /* View */,
				490A1AD02B511AAF00218798 /* ViewModel */,
				490A1ACF2B511AAE00218798 /* Service */,
			);
			path = Notifications;
			sourceTree = "<group>";
		};
		490A1ACF2B511AAE00218798 /* Service */ = {
			isa = PBXGroup;
			children = (
				490376342B512B2C00DCE688 /* IGNotificationsService.swift */,
			);
			path = Service;
			sourceTree = "<group>";
		};
		490A1AD02B511AAF00218798 /* ViewModel */ = {
			isa = PBXGroup;
			children = (
				490376322B5127A300DCE688 /* NotificationsViewModel.swift */,
			);
			path = ViewModel;
			sourceTree = "<group>";
		};
		490A1AD12B511AB100218798 /* View */ = {
			isa = PBXGroup;
			children = (
				490A1AD32B511ACD00218798 /* NotificationsView.swift */,
				490A1AD82B511B3300218798 /* NotificationCell.swift */,
			);
			path = View;
			sourceTree = "<group>";
		};
		490A1AD22B511AB400218798 /* Model */ = {
			isa = PBXGroup;
			children = (
				4903762C2B51203000DCE688 /* IGNotification.swift */,
				4903762E2B51203B00DCE688 /* IGNotificationType.swift */,
			);
			path = Model;
			sourceTree = "<group>";
		};
		490A60552B492B99008B8FC4 /* View */ = {
			isa = PBXGroup;
			children = (
				492EC7B42B47C13100E4ABB9 /* LoginView.swift */,
				492EC7B62B47C4D200E4ABB9 /* AddEmailView.swift */,
				492EC7BA2B47C73100E4ABB9 /* CreateUsernameView.swift */,
				492EC7BE2B47CB7800E4ABB9 /* CreatePasswordView.swift */,
				492EC7C02B47CCC900E4ABB9 /* CompleteSignupView.swift */,
			);
			path = View;
			sourceTree = "<group>";
		};
		490A60562B492BAD008B8FC4 /* Service */ = {
			isa = PBXGroup;
			children = (
				490A60572B492BB8008B8FC4 /* AuthService.swift */,
			);
			path = Service;
			sourceTree = "<group>";
		};
		490A60592B492CD1008B8FC4 /* View */ = {
			isa = PBXGroup;
			children = (
				492EC78F2B47A85900E4ABB9 /* ContentView.swift */,
			);
			path = View;
			sourceTree = "<group>";
		};
		490A605A2B492CD4008B8FC4 /* ViewModel */ = {
			isa = PBXGroup;
			children = (
				490A605B2B492CE0008B8FC4 /* ContentViewModel.swift */,
			);
			path = ViewModel;
			sourceTree = "<group>";
		};
		490A605D2B492F5C008B8FC4 /* ViewModel */ = {
			isa = PBXGroup;
			children = (
				490A605E2B492F7B008B8FC4 /* RegistrationViewModel.swift */,
				490A60602B495FFE008B8FC4 /* LoginViewModel.swift */,
			);
			path = ViewModel;
			sourceTree = "<group>";
		};
		492EC7812B47A85900E4ABB9 = {
			isa = PBXGroup;
			children = (
				492EC78C2B47A85900E4ABB9 /* InstagramSwiftUI */,
				492EC78B2B47A85900E4ABB9 /* Products */,
			);
			sourceTree = "<group>";
		};
		492EC78B2B47A85900E4ABB9 /* Products */ = {
			isa = PBXGroup;
			children = (
				492EC78A2B47A85900E4ABB9 /* InstagramSwiftUI.app */,
			);
			name = Products;
			sourceTree = "<group>";
		};
		492EC78C2B47A85900E4ABB9 /* InstagramSwiftUI */ = {
			isa = PBXGroup;
			children = (
				492EC79F2B47A87600E4ABB9 /* App */,
				492EC79E2B47A87500E4ABB9 /* Core */,
				492EC79D2B47A86D00E4ABB9 /* Extension */,
				492EC79C2B47A86C00E4ABB9 /* Model */,
				492EC79B2B47A86700E4ABB9 /* Service */,
				49A12F192B4FC3A700D0D3C4 /* Utils */,
				492EC7912B47A85A00E4ABB9 /* Assets.xcassets */,
				49A12F022B4F974400D0D3C4 /* GoogleService-Info.plist */,
				492EC7932B47A85A00E4ABB9 /* Preview Content */,
			);
			path = InstagramSwiftUI;
			sourceTree = "<group>";
		};
		492EC7932B47A85A00E4ABB9 /* Preview Content */ = {
			isa = PBXGroup;
			children = (
				492EC7942B47A85A00E4ABB9 /* Preview Assets.xcassets */,
			);
			path = "Preview Content";
			sourceTree = "<group>";
		};
		492EC79B2B47A86700E4ABB9 /* Service */ = {
			isa = PBXGroup;
			children = (
				496272B52B4BA5FC00B9FBBA /* UserService.swift */,
				496272C12B4BC08D00B9FBBA /* ImageUploader.swift */,
				496272CE2B4BEA8600B9FBBA /* PostService.swift */,
			);
			path = Service;
			sourceTree = "<group>";
		};
		492EC79C2B47A86C00E4ABB9 /* Model */ = {
			isa = PBXGroup;
			children = (
				492EC7C22B47D67B00E4ABB9 /* User.swift */,
				492EC7C62B47DEBA00E4ABB9 /* Post.swift */,
				490A1AC82B50EF6F00218798 /* UserListConfig.swift */,
			);
			path = Model;
			sourceTree = "<group>";
		};
		492EC79D2B47A86D00E4ABB9 /* Extension */ = {
			isa = PBXGroup;
			children = (
				49A12F172B4FC29500D0D3C4 /* Timestamp.swift */,
				490376302B51270D00DCE688 /* DeveloperPreview.swift */,
			);
			path = Extension;
			sourceTree = "<group>";
		};
		492EC79E2B47A87500E4ABB9 /* Core */ = {
			isa = PBXGroup;
			children = (
				492EC7A02B47A8B500E4ABB9 /* Authentication */,
				49A12F042B4FAC2600D0D3C4 /* Comments */,
				492EC7AB2B47ADC400E4ABB9 /* Component */,
				492EC7A12B47A8C000E4ABB9 /* Feed */,
				490A1ACE2B511A9600218798 /* Notifications */,
				492EC7A22B47A8C600E4ABB9 /* Profile */,
				492EC7A32B47A8CB00E4ABB9 /* Root */,
				492EC7A42B47A8D400E4ABB9 /* Search */,
				492EC7A52B47A8EB00E4ABB9 /* TabBar */,
				492EC7A62B47A8F000E4ABB9 /* UploadPost */,
			);
			path = Core;
			sourceTree = "<group>";
		};
		492EC79F2B47A87600E4ABB9 /* App */ = {
			isa = PBXGroup;
			children = (
				492EC78D2B47A85900E4ABB9 /* InstagramSwiftUIApp.swift */,
			);
			path = App;
			sourceTree = "<group>";
		};
		492EC7A02B47A8B500E4ABB9 /* Authentication */ = {
			isa = PBXGroup;
			children = (
				490A60562B492BAD008B8FC4 /* Service */,
				490A60552B492B99008B8FC4 /* View */,
				490A605D2B492F5C008B8FC4 /* ViewModel */,
			);
			path = Authentication;
			sourceTree = "<group>";
		};
		492EC7A12B47A8C000E4ABB9 /* Feed */ = {
			isa = PBXGroup;
			children = (
				496272CB2B4BD42600B9FBBA /* View */,
				496272CA2B4BD42100B9FBBA /* ViewModel */,
			);
			path = Feed;
			sourceTree = "<group>";
		};
		492EC7A22B47A8C600E4ABB9 /* Profile */ = {
			isa = PBXGroup;
			children = (
				496272BD2B4BB57A00B9FBBA /* View */,
				496272BE2B4BB57D00B9FBBA /* VIewModel */,
			);
			path = Profile;
			sourceTree = "<group>";
		};
		492EC7A32B47A8CB00E4ABB9 /* Root */ = {
			isa = PBXGroup;
			children = (
				490A605A2B492CD4008B8FC4 /* ViewModel */,
				490A60592B492CD1008B8FC4 /* View */,
			);
			path = Root;
			sourceTree = "<group>";
		};
		492EC7A42B47A8D400E4ABB9 /* Search */ = {
			isa = PBXGroup;
			children = (
				496272B72B4BA6C300B9FBBA /* View */,
				496272B82B4BA6C700B9FBBA /* ViewModel */,
			);
			path = Search;
			sourceTree = "<group>";
		};
		492EC7A52B47A8EB00E4ABB9 /* TabBar */ = {
			isa = PBXGroup;
			children = (
				492EC7A72B47A95500E4ABB9 /* MainTabView.swift */,
			);
			path = TabBar;
			sourceTree = "<group>";
		};
		492EC7A62B47A8F000E4ABB9 /* UploadPost */ = {
			isa = PBXGroup;
			children = (
				496272C92B4BD06B00B9FBBA /* ViewModel */,
				496272C82B4BD06800B9FBBA /* View */,
			);
			path = UploadPost;
			sourceTree = "<group>";
		};
		492EC7AB2B47ADC400E4ABB9 /* Component */ = {
			isa = PBXGroup;
			children = (
				496272D12B4BEC8D00B9FBBA /* View */,
				496272D02B4BEC8A00B9FBBA /* ViewModel */,
			);
			path = Component;
			sourceTree = "<group>";
		};
		496272B72B4BA6C300B9FBBA /* View */ = {
			isa = PBXGroup;
			children = (
				492EC7B22B47BF5500E4ABB9 /* SearchView.swift */,
			);
			path = View;
			sourceTree = "<group>";
		};
		496272B82B4BA6C700B9FBBA /* ViewModel */ = {
			isa = PBXGroup;
			children = (
				496272B92B4BA6D200B9FBBA /* SearchViewModel.swift */,
			);
			path = ViewModel;
			sourceTree = "<group>";
		};
		496272BD2B4BB57A00B9FBBA /* View */ = {
			isa = PBXGroup;
			children = (
				492EC7A92B47AA8400E4ABB9 /* ProfileView.swift */,
				492EC7C42B47DCCF00E4ABB9 /* CurrentUserProfileView.swift */,
				492EC7CA2B47E31900E4ABB9 /* ProfileHeaderView.swift */,
				496272BB2B4BB2B500B9FBBA /* EditProfileView.swift */,
			);
			path = View;
			sourceTree = "<group>";
		};
		496272BE2B4BB57D00B9FBBA /* VIewModel */ = {
			isa = PBXGroup;
			children = (
				496272BF2B4BB59700B9FBBA /* EditProfileViewModel.swift */,
				490A1AC62B4FD1F200218798 /* ProfileViewModel.swift */,
			);
			path = VIewModel;
			sourceTree = "<group>";
		};
		496272C82B4BD06800B9FBBA /* View */ = {
			isa = PBXGroup;
			children = (
				492EC7CC2B47EB6300E4ABB9 /* UploadPostView.swift */,
			);
			path = View;
			sourceTree = "<group>";
		};
		496272C92B4BD06B00B9FBBA /* ViewModel */ = {
			isa = PBXGroup;
			children = (
				490A60482B47EE2C008B8FC4 /* UploadPostViewModel.swift */,
			);
			path = ViewModel;
			sourceTree = "<group>";
		};
		496272CA2B4BD42100B9FBBA /* ViewModel */ = {
			isa = PBXGroup;
			children = (
				496272CC2B4BD43400B9FBBA /* FeedViewModel.swift */,
				4905ADF42B4EB4BA00F7591C /* FeedCellViewModel.swift */,
			);
			path = ViewModel;
			sourceTree = "<group>";
		};
		496272CB2B4BD42600B9FBBA /* View */ = {
			isa = PBXGroup;
			children = (
				492EC7AE2B47BA9300E4ABB9 /* FeedView.swift */,
				492EC7B02B47BA9800E4ABB9 /* FeedCell.swift */,
			);
			path = View;
			sourceTree = "<group>";
		};
		496272D02B4BEC8A00B9FBBA /* ViewModel */ = {
			isa = PBXGroup;
			children = (
				496272D22B4BECA700B9FBBA /* PostGridViewModel.swift */,
				490A1ACC2B50FAD300218798 /* UserListViewModel.swift */,
			);
			path = ViewModel;
			sourceTree = "<group>";
		};
		496272D12B4BEC8D00B9FBBA /* View */ = {
			isa = PBXGroup;
			children = (
				492EC7AC2B47ADDA00E4ABB9 /* UserStatView.swift */,
				492EC7B82B47C67B00E4ABB9 /* IGTextFieldModifier.swift */,
				492EC7BC2B47C8E200E4ABB9 /* SignupDefaultView.swift */,
				492EC7C82B47E24400E4ABB9 /* PostGridView.swift */,
				496272C62B4BC54500B9FBBA /* CircularProfileImageView.swift */,
				490A1ACA2B50FA7B00218798 /* UserListView.swift */,
			);
			path = View;
			sourceTree = "<group>";
		};
		49A12F042B4FAC2600D0D3C4 /* Comments */ = {
			isa = PBXGroup;
			children = (
				49A12F0A2B4FAC4300D0D3C4 /* Model */,
				49A12F092B4FAC4100D0D3C4 /* View */,
				49A12F082B4FAC4000D0D3C4 /* ViewModel */,
				49A12F062B4FAC3A00D0D3C4 /* Service */,
			);
			path = Comments;
			sourceTree = "<group>";
		};
		49A12F062B4FAC3A00D0D3C4 /* Service */ = {
			isa = PBXGroup;
			children = (
				49A12F112B4FB37400D0D3C4 /* CommentService.swift */,
			);
			path = Service;
			sourceTree = "<group>";
		};
		49A12F082B4FAC4000D0D3C4 /* ViewModel */ = {
			isa = PBXGroup;
			children = (
				49A12F132B4FB38300D0D3C4 /* CommentsViewModel.swift */,
			);
			path = ViewModel;
			sourceTree = "<group>";
		};
		49A12F092B4FAC4100D0D3C4 /* View */ = {
			isa = PBXGroup;
			children = (
				49A12F0B2B4FAC8A00D0D3C4 /* CommentsView.swift */,
				49A12F0D2B4FAC9100D0D3C4 /* CommentCell.swift */,
			);
			path = View;
			sourceTree = "<group>";
		};
		49A12F0A2B4FAC4300D0D3C4 /* Model */ = {
			isa = PBXGroup;
			children = (
				49A12F0F2B4FB10C00D0D3C4 /* Comment.swift */,
			);
			path = Model;
			sourceTree = "<group>";
		};
		49A12F192B4FC3A700D0D3C4 /* Utils */ = {
			isa = PBXGroup;
			children = (
				49A12F1A2B4FC3B600D0D3C4 /* Constants.swift */,
			);
			path = Utils;
			sourceTree = "<group>";
		};
/* End PBXGroup section */

/* Begin PBXNativeTarget section */
		492EC7892B47A85900E4ABB9 /* InstagramSwiftUI */ = {
			isa = PBXNativeTarget;
			buildConfigurationList = 492EC7982B47A85A00E4ABB9 /* Build configuration list for PBXNativeTarget "InstagramSwiftUI" */;
			buildPhases = (
				492EC7862B47A85900E4ABB9 /* Sources */,
				492EC7872B47A85900E4ABB9 /* Frameworks */,
				492EC7882B47A85900E4ABB9 /* Resources */,
			);
			buildRules = (
			);
			dependencies = (
			);
			name = InstagramSwiftUI;
			packageProductDependencies = (
				490A604D2B492A7A008B8FC4 /* FirebaseAuth */,
				490A604F2B492A7A008B8FC4 /* FirebaseFirestore */,
				490A60512B492A7A008B8FC4 /* FirebaseFirestoreSwift */,
				490A60532B492A7A008B8FC4 /* FirebaseStorage */,
				496272C42B4BC4D600B9FBBA /* Kingfisher */,
			);
			productName = InstagramSwiftUI;
			productReference = 492EC78A2B47A85900E4ABB9 /* InstagramSwiftUI.app */;
			productType = "com.apple.product-type.application";
		};
/* End PBXNativeTarget section */

/* Begin PBXProject section */
		492EC7822B47A85900E4ABB9 /* Project object */ = {
			isa = PBXProject;
			attributes = {
				BuildIndependentTargetsInParallel = 1;
				LastSwiftUpdateCheck = 1510;
				LastUpgradeCheck = 1510;
				TargetAttributes = {
					492EC7892B47A85900E4ABB9 = {
						CreatedOnToolsVersion = 15.1;
					};
				};
			};
			buildConfigurationList = 492EC7852B47A85900E4ABB9 /* Build configuration list for PBXProject "InstagramSwiftUI" */;
			compatibilityVersion = "Xcode 14.0";
			developmentRegion = en;
			hasScannedForEncodings = 0;
			knownRegions = (
				en,
				Base,
			);
			mainGroup = 492EC7812B47A85900E4ABB9;
			packageReferences = (
				490A604C2B492A7A008B8FC4 /* XCRemoteSwiftPackageReference "firebase-ios-sdk" */,
				496272C32B4BC4D600B9FBBA /* XCRemoteSwiftPackageReference "Kingfisher" */,
			);
			productRefGroup = 492EC78B2B47A85900E4ABB9 /* Products */;
			projectDirPath = "";
			projectRoot = "";
			targets = (
				492EC7892B47A85900E4ABB9 /* InstagramSwiftUI */,
			);
		};
/* End PBXProject section */

/* Begin PBXResourcesBuildPhase section */
		492EC7882B47A85900E4ABB9 /* Resources */ = {
			isa = PBXResourcesBuildPhase;
			buildActionMask = 2147483647;
			files = (
				492EC7952B47A85A00E4ABB9 /* Preview Assets.xcassets in Resources */,
				492EC7922B47A85A00E4ABB9 /* Assets.xcassets in Resources */,
				49A12F032B4F974400D0D3C4 /* GoogleService-Info.plist in Resources */,
			);
			runOnlyForDeploymentPostprocessing = 0;
		};
/* End PBXResourcesBuildPhase section */

/* Begin PBXSourcesBuildPhase section */
		492EC7862B47A85900E4ABB9 /* Sources */ = {
			isa = PBXSourcesBuildPhase;
			buildActionMask = 2147483647;
			files = (
				4903762D2B51203000DCE688 /* IGNotification.swift in Sources */,
				490A1AC92B50EF6F00218798 /* UserListConfig.swift in Sources */,
				49A12F182B4FC29500D0D3C4 /* Timestamp.swift in Sources */,
				496272D32B4BECA700B9FBBA /* PostGridViewModel.swift in Sources */,
				492EC7B12B47BA9800E4ABB9 /* FeedCell.swift in Sources */,
				4905ADF52B4EB4BA00F7591C /* FeedCellViewModel.swift in Sources */,
				49A12F122B4FB37400D0D3C4 /* CommentService.swift in Sources */,
				490A1AD92B511B3300218798 /* NotificationCell.swift in Sources */,
				490A60582B492BB8008B8FC4 /* AuthService.swift in Sources */,
				490376312B51270D00DCE688 /* DeveloperPreview.swift in Sources */,
				49A12F142B4FB38300D0D3C4 /* CommentsViewModel.swift in Sources */,
				496272B62B4BA5FC00B9FBBA /* UserService.swift in Sources */,
				49A12F1B2B4FC3B600D0D3C4 /* Constants.swift in Sources */,
				492EC7BF2B47CB7800E4ABB9 /* CreatePasswordView.swift in Sources */,
				490A1ACD2B50FAD300218798 /* UserListViewModel.swift in Sources */,
				492EC7AA2B47AA8400E4ABB9 /* ProfileView.swift in Sources */,
				496272CD2B4BD43400B9FBBA /* FeedViewModel.swift in Sources */,
				492EC7902B47A85900E4ABB9 /* ContentView.swift in Sources */,
				496272C22B4BC08D00B9FBBA /* ImageUploader.swift in Sources */,
				492EC7C32B47D67B00E4ABB9 /* User.swift in Sources */,
				492EC7B52B47C13100E4ABB9 /* LoginView.swift in Sources */,
				490A1ACB2B50FA7B00218798 /* UserListView.swift in Sources */,
				492EC78E2B47A85900E4ABB9 /* InstagramSwiftUIApp.swift in Sources */,
				490A60612B495FFE008B8FC4 /* LoginViewModel.swift in Sources */,
				490A1AC72B4FD1F200218798 /* ProfileViewModel.swift in Sources */,
				490A605C2B492CE0008B8FC4 /* ContentViewModel.swift in Sources */,
				490A1AD42B511ACD00218798 /* NotificationsView.swift in Sources */,
				492EC7CB2B47E31900E4ABB9 /* ProfileHeaderView.swift in Sources */,
				496272C02B4BB59700B9FBBA /* EditProfileViewModel.swift in Sources */,
				492EC7BD2B47C8E200E4ABB9 /* SignupDefaultView.swift in Sources */,
				492EC7C12B47CCC900E4ABB9 /* CompleteSignupView.swift in Sources */,
				49A12F0E2B4FAC9100D0D3C4 /* CommentCell.swift in Sources */,
				496272BC2B4BB2B500B9FBBA /* EditProfileView.swift in Sources */,
				492EC7B72B47C4D200E4ABB9 /* AddEmailView.swift in Sources */,
				492EC7BB2B47C73100E4ABB9 /* CreateUsernameView.swift in Sources */,
				492EC7B32B47BF5500E4ABB9 /* SearchView.swift in Sources */,
				490A60492B47EE2C008B8FC4 /* UploadPostViewModel.swift in Sources */,
				490376382B512D6500DCE688 /* IGNotificationManager.swift in Sources */,
				492EC7C92B47E24400E4ABB9 /* PostGridView.swift in Sources */,
				492EC7B92B47C67B00E4ABB9 /* IGTextFieldModifier.swift in Sources */,
				492EC7AD2B47ADDA00E4ABB9 /* UserStatView.swift in Sources */,
				496272CF2B4BEA8600B9FBBA /* PostService.swift in Sources */,
				492EC7CD2B47EB6300E4ABB9 /* UploadPostView.swift in Sources */,
				496272BA2B4BA6D200B9FBBA /* SearchViewModel.swift in Sources */,
				490A605F2B492F7B008B8FC4 /* RegistrationViewModel.swift in Sources */,
				490376332B5127A300DCE688 /* NotificationsViewModel.swift in Sources */,
				49A12F0C2B4FAC8A00D0D3C4 /* CommentsView.swift in Sources */,
				492EC7AF2B47BA9300E4ABB9 /* FeedView.swift in Sources */,
				49A12F102B4FB10C00D0D3C4 /* Comment.swift in Sources */,
				490376352B512B2C00DCE688 /* IGNotificationsService.swift in Sources */,
				492EC7C72B47DEBA00E4ABB9 /* Post.swift in Sources */,
				496272C72B4BC54500B9FBBA /* CircularProfileImageView.swift in Sources */,
				492EC7A82B47A95500E4ABB9 /* MainTabView.swift in Sources */,
				492EC7C52B47DCCF00E4ABB9 /* CurrentUserProfileView.swift in Sources */,
				4903762F2B51203B00DCE688 /* IGNotificationType.swift in Sources */,
			);
			runOnlyForDeploymentPostprocessing = 0;
		};
/* End PBXSourcesBuildPhase section */

/* Begin XCBuildConfiguration section */
		492EC7962B47A85A00E4ABB9 /* Debug */ = {
			isa = XCBuildConfiguration;
			buildSettings = {
				ALWAYS_SEARCH_USER_PATHS = NO;
				ASSETCATALOG_COMPILER_GENERATE_SWIFT_ASSET_SYMBOL_EXTENSIONS = YES;
				CLANG_ANALYZER_NONNULL = YES;
				CLANG_ANALYZER_NUMBER_OBJECT_CONVERSION = YES_AGGRESSIVE;
				CLANG_CXX_LANGUAGE_STANDARD = "gnu++20";
				CLANG_ENABLE_MODULES = YES;
				CLANG_ENABLE_OBJC_ARC = YES;
				CLANG_ENABLE_OBJC_WEAK = YES;
				CLANG_WARN_BLOCK_CAPTURE_AUTORELEASING = YES;
				CLANG_WARN_BOOL_CONVERSION = YES;
				CLANG_WARN_COMMA = YES;
				CLANG_WARN_CONSTANT_CONVERSION = YES;
				CLANG_WARN_DEPRECATED_OBJC_IMPLEMENTATIONS = YES;
				CLANG_WARN_DIRECT_OBJC_ISA_USAGE = YES_ERROR;
				CLANG_WARN_DOCUMENTATION_COMMENTS = YES;
				CLANG_WARN_EMPTY_BODY = YES;
				CLANG_WARN_ENUM_CONVERSION = YES;
				CLANG_WARN_INFINITE_RECURSION = YES;
				CLANG_WARN_INT_CONVERSION = YES;
				CLANG_WARN_NON_LITERAL_NULL_CONVERSION = YES;
				CLANG_WARN_OBJC_IMPLICIT_RETAIN_SELF = YES;
				CLANG_WARN_OBJC_LITERAL_CONVERSION = YES;
				CLANG_WARN_OBJC_ROOT_CLASS = YES_ERROR;
				CLANG_WARN_QUOTED_INCLUDE_IN_FRAMEWORK_HEADER = YES;
				CLANG_WARN_RANGE_LOOP_ANALYSIS = YES;
				CLANG_WARN_STRICT_PROTOTYPES = YES;
				CLANG_WARN_SUSPICIOUS_MOVE = YES;
				CLANG_WARN_UNGUARDED_AVAILABILITY = YES_AGGRESSIVE;
				CLANG_WARN_UNREACHABLE_CODE = YES;
				CLANG_WARN__DUPLICATE_METHOD_MATCH = YES;
				COPY_PHASE_STRIP = NO;
				DEBUG_INFORMATION_FORMAT = dwarf;
				ENABLE_STRICT_OBJC_MSGSEND = YES;
				ENABLE_TESTABILITY = YES;
				ENABLE_USER_SCRIPT_SANDBOXING = YES;
				GCC_C_LANGUAGE_STANDARD = gnu17;
				GCC_DYNAMIC_NO_PIC = NO;
				GCC_NO_COMMON_BLOCKS = YES;
				GCC_OPTIMIZATION_LEVEL = 0;
				GCC_PREPROCESSOR_DEFINITIONS = (
					"DEBUG=1",
					"$(inherited)",
				);
				GCC_WARN_64_TO_32_BIT_CONVERSION = YES;
				GCC_WARN_ABOUT_RETURN_TYPE = YES_ERROR;
				GCC_WARN_UNDECLARED_SELECTOR = YES;
				GCC_WARN_UNINITIALIZED_AUTOS = YES_AGGRESSIVE;
				GCC_WARN_UNUSED_FUNCTION = YES;
				GCC_WARN_UNUSED_VARIABLE = YES;
				IPHONEOS_DEPLOYMENT_TARGET = 17.2;
				LOCALIZATION_PREFERS_STRING_CATALOGS = YES;
				MTL_ENABLE_DEBUG_INFO = INCLUDE_SOURCE;
				MTL_FAST_MATH = YES;
				ONLY_ACTIVE_ARCH = YES;
				SDKROOT = iphoneos;
				SWIFT_ACTIVE_COMPILATION_CONDITIONS = "DEBUG $(inherited)";
				SWIFT_OPTIMIZATION_LEVEL = "-Onone";
			};
			name = Debug;
		};
		492EC7972B47A85A00E4ABB9 /* Release */ = {
			isa = XCBuildConfiguration;
			buildSettings = {
				ALWAYS_SEARCH_USER_PATHS = NO;
				ASSETCATALOG_COMPILER_GENERATE_SWIFT_ASSET_SYMBOL_EXTENSIONS = YES;
				CLANG_ANALYZER_NONNULL = YES;
				CLANG_ANALYZER_NUMBER_OBJECT_CONVERSION = YES_AGGRESSIVE;
				CLANG_CXX_LANGUAGE_STANDARD = "gnu++20";
				CLANG_ENABLE_MODULES = YES;
				CLANG_ENABLE_OBJC_ARC = YES;
				CLANG_ENABLE_OBJC_WEAK = YES;
				CLANG_WARN_BLOCK_CAPTURE_AUTORELEASING = YES;
				CLANG_WARN_BOOL_CONVERSION = YES;
				CLANG_WARN_COMMA = YES;
				CLANG_WARN_CONSTANT_CONVERSION = YES;
				CLANG_WARN_DEPRECATED_OBJC_IMPLEMENTATIONS = YES;
				CLANG_WARN_DIRECT_OBJC_ISA_USAGE = YES_ERROR;
				CLANG_WARN_DOCUMENTATION_COMMENTS = YES;
				CLANG_WARN_EMPTY_BODY = YES;
				CLANG_WARN_ENUM_CONVERSION = YES;
				CLANG_WARN_INFINITE_RECURSION = YES;
				CLANG_WARN_INT_CONVERSION = YES;
				CLANG_WARN_NON_LITERAL_NULL_CONVERSION = YES;
				CLANG_WARN_OBJC_IMPLICIT_RETAIN_SELF = YES;
				CLANG_WARN_OBJC_LITERAL_CONVERSION = YES;
				CLANG_WARN_OBJC_ROOT_CLASS = YES_ERROR;
				CLANG_WARN_QUOTED_INCLUDE_IN_FRAMEWORK_HEADER = YES;
				CLANG_WARN_RANGE_LOOP_ANALYSIS = YES;
				CLANG_WARN_STRICT_PROTOTYPES = YES;
				CLANG_WARN_SUSPICIOUS_MOVE = YES;
				CLANG_WARN_UNGUARDED_AVAILABILITY = YES_AGGRESSIVE;
				CLANG_WARN_UNREACHABLE_CODE = YES;
				CLANG_WARN__DUPLICATE_METHOD_MATCH = YES;
				COPY_PHASE_STRIP = NO;
				DEBUG_INFORMATION_FORMAT = "dwarf-with-dsym";
				ENABLE_NS_ASSERTIONS = NO;
				ENABLE_STRICT_OBJC_MSGSEND = YES;
				ENABLE_USER_SCRIPT_SANDBOXING = YES;
				GCC_C_LANGUAGE_STANDARD = gnu17;
				GCC_NO_COMMON_BLOCKS = YES;
				GCC_WARN_64_TO_32_BIT_CONVERSION = YES;
				GCC_WARN_ABOUT_RETURN_TYPE = YES_ERROR;
				GCC_WARN_UNDECLARED_SELECTOR = YES;
				GCC_WARN_UNINITIALIZED_AUTOS = YES_AGGRESSIVE;
				GCC_WARN_UNUSED_FUNCTION = YES;
				GCC_WARN_UNUSED_VARIABLE = YES;
				IPHONEOS_DEPLOYMENT_TARGET = 17.2;
				LOCALIZATION_PREFERS_STRING_CATALOGS = YES;
				MTL_ENABLE_DEBUG_INFO = NO;
				MTL_FAST_MATH = YES;
				SDKROOT = iphoneos;
				SWIFT_COMPILATION_MODE = wholemodule;
				VALIDATE_PRODUCT = YES;
			};
			name = Release;
		};
		492EC7992B47A85A00E4ABB9 /* Debug */ = {
			isa = XCBuildConfiguration;
			buildSettings = {
				ASSETCATALOG_COMPILER_APPICON_NAME = AppIcon;
				ASSETCATALOG_COMPILER_GLOBAL_ACCENT_COLOR_NAME = AccentColor;
				CODE_SIGN_STYLE = Automatic;
				CURRENT_PROJECT_VERSION = 1;
				DEVELOPMENT_ASSET_PATHS = "\"InstagramSwiftUI/Preview Content\"";
				DEVELOPMENT_TEAM = X726R6A26M;
				ENABLE_PREVIEWS = YES;
				GENERATE_INFOPLIST_FILE = YES;
				INFOPLIST_KEY_UIApplicationSceneManifest_Generation = YES;
				INFOPLIST_KEY_UIApplicationSupportsIndirectInputEvents = YES;
				INFOPLIST_KEY_UILaunchScreen_Generation = YES;
				INFOPLIST_KEY_UISupportedInterfaceOrientations_iPad = "UIInterfaceOrientationPortrait UIInterfaceOrientationPortraitUpsideDown UIInterfaceOrientationLandscapeLeft UIInterfaceOrientationLandscapeRight";
				INFOPLIST_KEY_UISupportedInterfaceOrientations_iPhone = "UIInterfaceOrientationPortrait UIInterfaceOrientationLandscapeLeft UIInterfaceOrientationLandscapeRight";
				LD_RUNPATH_SEARCH_PATHS = (
					"$(inherited)",
					"@executable_path/Frameworks",
				);
				MARKETING_VERSION = 1.0;
				PRODUCT_BUNDLE_IDENTIFIER = com.stevehong.InstagramSwiftUI;
				PRODUCT_NAME = "$(TARGET_NAME)";
				SWIFT_EMIT_LOC_STRINGS = YES;
				SWIFT_VERSION = 5.0;
				TARGETED_DEVICE_FAMILY = "1,2";
			};
			name = Debug;
		};
		492EC79A2B47A85A00E4ABB9 /* Release */ = {
			isa = XCBuildConfiguration;
			buildSettings = {
				ASSETCATALOG_COMPILER_APPICON_NAME = AppIcon;
				ASSETCATALOG_COMPILER_GLOBAL_ACCENT_COLOR_NAME = AccentColor;
				CODE_SIGN_STYLE = Automatic;
				CURRENT_PROJECT_VERSION = 1;
				DEVELOPMENT_ASSET_PATHS = "\"InstagramSwiftUI/Preview Content\"";
				DEVELOPMENT_TEAM = X726R6A26M;
				ENABLE_PREVIEWS = YES;
				GENERATE_INFOPLIST_FILE = YES;
				INFOPLIST_KEY_UIApplicationSceneManifest_Generation = YES;
				INFOPLIST_KEY_UIApplicationSupportsIndirectInputEvents = YES;
				INFOPLIST_KEY_UILaunchScreen_Generation = YES;
				INFOPLIST_KEY_UISupportedInterfaceOrientations_iPad = "UIInterfaceOrientationPortrait UIInterfaceOrientationPortraitUpsideDown UIInterfaceOrientationLandscapeLeft UIInterfaceOrientationLandscapeRight";
				INFOPLIST_KEY_UISupportedInterfaceOrientations_iPhone = "UIInterfaceOrientationPortrait UIInterfaceOrientationLandscapeLeft UIInterfaceOrientationLandscapeRight";
				LD_RUNPATH_SEARCH_PATHS = (
					"$(inherited)",
					"@executable_path/Frameworks",
				);
				MARKETING_VERSION = 1.0;
				PRODUCT_BUNDLE_IDENTIFIER = com.stevehong.InstagramSwiftUI;
				PRODUCT_NAME = "$(TARGET_NAME)";
				SWIFT_EMIT_LOC_STRINGS = YES;
				SWIFT_VERSION = 5.0;
				TARGETED_DEVICE_FAMILY = "1,2";
			};
			name = Release;
		};
/* End XCBuildConfiguration section */

/* Begin XCConfigurationList section */
		492EC7852B47A85900E4ABB9 /* Build configuration list for PBXProject "InstagramSwiftUI" */ = {
			isa = XCConfigurationList;
			buildConfigurations = (
				492EC7962B47A85A00E4ABB9 /* Debug */,
				492EC7972B47A85A00E4ABB9 /* Release */,
			);
			defaultConfigurationIsVisible = 0;
			defaultConfigurationName = Release;
		};
		492EC7982B47A85A00E4ABB9 /* Build configuration list for PBXNativeTarget "InstagramSwiftUI" */ = {
			isa = XCConfigurationList;
			buildConfigurations = (
				492EC7992B47A85A00E4ABB9 /* Debug */,
				492EC79A2B47A85A00E4ABB9 /* Release */,
			);
			defaultConfigurationIsVisible = 0;
			defaultConfigurationName = Release;
		};
/* End XCConfigurationList section */

/* Begin XCRemoteSwiftPackageReference section */
		490A604C2B492A7A008B8FC4 /* XCRemoteSwiftPackageReference "firebase-ios-sdk" */ = {
			isa = XCRemoteSwiftPackageReference;
			repositoryURL = "https://github.com/firebase/firebase-ios-sdk";
			requirement = {
				kind = upToNextMajorVersion;
				minimumVersion = 10.19.1;
			};
		};
		496272C32B4BC4D600B9FBBA /* XCRemoteSwiftPackageReference "Kingfisher" */ = {
			isa = XCRemoteSwiftPackageReference;
			repositoryURL = "https://github.com/onevcat/Kingfisher";
			requirement = {
				kind = upToNextMajorVersion;
				minimumVersion = 7.10.1;
			};
		};
/* End XCRemoteSwiftPackageReference section */

/* Begin XCSwiftPackageProductDependency section */
		490A604D2B492A7A008B8FC4 /* FirebaseAuth */ = {
			isa = XCSwiftPackageProductDependency;
			package = 490A604C2B492A7A008B8FC4 /* XCRemoteSwiftPackageReference "firebase-ios-sdk" */;
			productName = FirebaseAuth;
		};
		490A604F2B492A7A008B8FC4 /* FirebaseFirestore */ = {
			isa = XCSwiftPackageProductDependency;
			package = 490A604C2B492A7A008B8FC4 /* XCRemoteSwiftPackageReference "firebase-ios-sdk" */;
			productName = FirebaseFirestore;
		};
		490A60512B492A7A008B8FC4 /* FirebaseFirestoreSwift */ = {
			isa = XCSwiftPackageProductDependency;
			package = 490A604C2B492A7A008B8FC4 /* XCRemoteSwiftPackageReference "firebase-ios-sdk" */;
			productName = FirebaseFirestoreSwift;
		};
		490A60532B492A7A008B8FC4 /* FirebaseStorage */ = {
			isa = XCSwiftPackageProductDependency;
			package = 490A604C2B492A7A008B8FC4 /* XCRemoteSwiftPackageReference "firebase-ios-sdk" */;
			productName = FirebaseStorage;
		};
		496272C42B4BC4D600B9FBBA /* Kingfisher */ = {
			isa = XCSwiftPackageProductDependency;
			package = 496272C32B4BC4D600B9FBBA /* XCRemoteSwiftPackageReference "Kingfisher" */;
			productName = Kingfisher;
		};
/* End XCSwiftPackageProductDependency section */
	};
	rootObject = 492EC7822B47A85900E4ABB9 /* Project object */;
}
